
Microsoft Visual Studio Solution File, Format Version 12.00
# Visual Studio Version 16
VisualStudioVersion = 16.0.30717.126
MinimumVisualStudioVersion = 10.0.40219.1
Project("{8BC9CEB8-8B4A-11D0-8D11-00A0C91BC942}") = "diralehaskir", "diralehaskir\diralehaskir.vcxproj", "{CE07D36A-92B2-4FAD-9BE3-B94D36175587}"
EndProject
Global
	GlobalSection(SolutionConfigurationPlatforms) = preSolution
		Debug|x64 = Debug|x64
		Debug|x86 = Debug|x86
		Release|x64 = Release|x64
		Release|x86 = Release|x86
	EndGlobalSection
	GlobalSection(ProjectConfigurationPlatforms) = postSolution
		{CE07D36A-92B2-4FAD-9BE3-B94D36175587}.Debug|x64.ActiveCfg = Debug|x64
		{CE07D36A-92B2-4FAD-9BE3-B94D36175587}.Debug|x64.Build.0 = Debug|x64
		{CE07D36A-92B2-4FAD-9BE3-B94D36175587}.Debug|x86.ActiveCfg = Debug|Win32
		{CE07D36A-92B2-4FAD-9BE3-B94D36175587}.Debug|x86.Build.0 = Debug|Win32
		{CE07D36A-92B2-4FAD-9BE3-B94D36175587}.Release|x64.ActiveCfg = Release|x64
		{CE07D36A-92B2-4FAD-9BE3-B94D36175587}.Release|x64.Build.0 = Release|x64
		{CE07D36A-92B2-4FAD-9BE3-B94D36175587}.Release|x86.ActiveCfg = Release|Win32
		{CE07D36A-92B2-4FAD-9BE3-B94D36175587}.Release|x86.Build.0 = Release|Win32
	EndGlobalSection
	GlobalSection(SolutionProperties) = preSolution
		HideSolutionNode = FALSE
	EndGlobalSection
	GlobalSection(ExtensibilityGlobals) = postSolution
		SolutionGuid = {FE737FBB-B06C-405E-90D5-35F058CE860A}
	EndGlobalSection
EndGlobal
